
Microsoft Visual Studio Solution File, Format Version 12.00
# Visual Studio 15
VisualStudioVersion = 15.0.28307.757
MinimumVisualStudioVersion = 10.0.40219.1
Project("{FAE04EC0-301F-11D3-BF4B-00C04F79EFBC}") = "COMP123-S2019-A5-SectionAExample", "COMP123-S2019-A5-SectionAExample\COMP123-S2019-A5-SectionAExample.csproj", "{5096CBA3-AA49-41F2-B6CB-05BFF030EE0A}"
EndProject
Global
	GlobalSection(SolutionConfigurationPlatforms) = preSolution
		Debug|Any CPU = Debug|Any CPU
		Release|Any CPU = Release|Any CPU
	EndGlobalSection
	GlobalSection(ProjectConfigurationPlatforms) = postSolution
		{5096CBA3-AA49-41F2-B6CB-05BFF030EE0A}.Debug|Any CPU.ActiveCfg = Debug|Any CPU
		{5096CBA3-AA49-41F2-B6CB-05BFF030EE0A}.Debug|Any CPU.Build.0 = Debug|Any CPU
		{5096CBA3-AA49-41F2-B6CB-05BFF030EE0A}.Release|Any CPU.ActiveCfg = Release|Any CPU
		{5096CBA3-AA49-41F2-B6CB-05BFF030EE0A}.Release|Any CPU.Build.0 = Release|Any CPU
	EndGlobalSection
	GlobalSection(SolutionProperties) = preSolution
		HideSolutionNode = FALSE
	EndGlobalSection
	GlobalSection(ExtensibilityGlobals) = postSolution
		SolutionGuid = {2F6B995A-7AE0-450E-87FB-3FE78DBF4EAA}
	EndGlobalSection
EndGlobal
